
Microsoft Visual Studio Solution File, Format Version 12.00
# Visual Studio Version 17
VisualStudioVersion = 17.5.33516.290
MinimumVisualStudioVersion = 10.0.40219.1
Project("{FAE04EC0-301F-11D3-BF4B-00C04F79EFBC}") = "AzureBlobProject", "AzureBlobProject\AzureBlobProject.csproj", "{6EBB54AB-6EFF-4CBE-868E-DFBB0E295286}"
EndProject
Global
	GlobalSection(SolutionConfigurationPlatforms) = preSolution
		Debug|Any CPU = Debug|Any CPU
		Release|Any CPU = Release|Any CPU
	EndGlobalSection
	GlobalSection(ProjectConfigurationPlatforms) = postSolution
		{6EBB54AB-6EFF-4CBE-868E-DFBB0E295286}.Debug|Any CPU.ActiveCfg = Debug|Any CPU
		{6EBB54AB-6EFF-4CBE-868E-DFBB0E295286}.Debug|Any CPU.Build.0 = Debug|Any CPU
		{6EBB54AB-6EFF-4CBE-868E-DFBB0E295286}.Release|Any CPU.ActiveCfg = Release|Any CPU
		{6EBB54AB-6EFF-4CBE-868E-DFBB0E295286}.Release|Any CPU.Build.0 = Release|Any CPU
	EndGlobalSection
	GlobalSection(SolutionProperties) = preSolution
		HideSolutionNode = FALSE
	EndGlobalSection
	GlobalSection(ExtensibilityGlobals) = postSolution
		SolutionGuid = {972EB037-9FBA-4ECA-B084-25374EC9DC83}
	EndGlobalSection
EndGlobal
